{
  "name": "andersonleite",
  "version": "1.0.0",
  "lockfileVersion": 1,
  "requires": true,
  "dependencies": {
    "@types/zen-observable": {
      "version": "0.8.0",
      "resolved": "https://npm.apple.com/@types/zen-observable/-/zen-observable-0.8.0.tgz",
      "integrity": "sha1-i2OrfxqlMhJIqtWsiQpIVlbc6k0=",
      "dev": true
    },
    "apollo-boost": {
      "version": "0.3.1",
      "resolved": "https://npm.apple.com/apollo-boost/-/apollo-boost-0.3.1.tgz",
      "integrity": "sha1-tqiW4CCg6rfkFQMv5WVzSpVcZfg=",
      "dev": true,
      "requires": {
        "apollo-cache": "^1.2.1",
        "apollo-cache-inmemory": "^1.5.1",
        "apollo-client": "^2.5.1",
        "apollo-link": "^1.0.6",
        "apollo-link-error": "^1.0.3",
        "apollo-link-http": "^1.3.1",
        "graphql-tag": "^2.4.2",
        "ts-invariant": "^0.2.1",
        "tslib": "^1.9.3"
      }
    },
    "apollo-cache": {
      "version": "1.2.1",
      "resolved": "https://npm.apple.com/apollo-cache/-/apollo-cache-1.2.1.tgz",
      "integrity": "sha1-qucetKEfH3MircND+EsaObBpNkQ=",
      "dev": true,
      "requires": {
        "apollo-utilities": "^1.2.1",
        "tslib": "^1.9.3"
      }
    },
    "apollo-cache-inmemory": {
      "version": "1.5.1",
      "resolved": "https://npm.apple.com/apollo-cache-inmemory/-/apollo-cache-inmemory-1.5.1.tgz",
      "integrity": "sha1-Jl0e5nsL8Kypw3Yp1BC/rkTmKVM=",
      "dev": true,
      "requires": {
        "apollo-cache": "^1.2.1",
        "apollo-utilities": "^1.2.1",
        "optimism": "^0.6.9",
        "ts-invariant": "^0.2.1",
        "tslib": "^1.9.3"
      }
    },
    "apollo-client": {
      "version": "2.5.1",
      "resolved": "https://npm.apple.com/apollo-client/-/apollo-client-2.5.1.tgz",
      "integrity": "sha1-NhJu0dMu3XnDcTxmhFRqO+qA5tE=",
      "dev": true,
      "requires": {
        "@types/zen-observable": "^0.8.0",
        "apollo-cache": "1.2.1",
        "apollo-link": "^1.0.0",
        "apollo-link-dedup": "^1.0.0",
        "apollo-utilities": "1.2.1",
        "symbol-observable": "^1.0.2",
        "ts-invariant": "^0.2.1",
        "tslib": "^1.9.3",
        "zen-observable": "^0.8.0"
      }
    },
    "apollo-link": {
      "version": "1.2.11",
      "resolved": "https://npm.apple.com/apollo-link/-/apollo-link-1.2.11.tgz",
      "integrity": "sha1-STKTt0etMjcRTM0i6fVZ5eJKGU0=",
      "dev": true,
      "requires": {
        "apollo-utilities": "^1.2.1",
        "ts-invariant": "^0.3.2",
        "tslib": "^1.9.3",
        "zen-observable-ts": "^0.8.18"
      },
      "dependencies": {
        "ts-invariant": {
          "version": "0.3.3",
          "resolved": "https://npm.apple.com/ts-invariant/-/ts-invariant-0.3.3.tgz",
          "integrity": "sha1-tXQrGIXs+eKcMadQMHSA8EXsCxY=",
          "dev": true,
          "requires": {
            "tslib": "^1.9.3"
          }
        }
      }
    },
    "apollo-link-dedup": {
      "version": "1.0.18",
      "resolved": "https://npm.apple.com/apollo-link-dedup/-/apollo-link-dedup-1.0.18.tgz",
      "integrity": "sha1-Y1y1ZZsILn8nD3ZJxLD3ECH3u0s=",
      "dev": true,
      "requires": {
        "apollo-link": "^1.2.11",
        "tslib": "^1.9.3"
      }
    },
    "apollo-link-error": {
      "version": "1.1.10",
      "resolved": "https://npm.apple.com/apollo-link-error/-/apollo-link-error-1.1.10.tgz",
      "integrity": "sha1-zlfweT8JI7WYZV3lv14CjUz0+6Y=",
      "dev": true,
      "requires": {
        "apollo-link": "^1.2.11",
        "apollo-link-http-common": "^0.2.13",
        "tslib": "^1.9.3"
      }
    },
    "apollo-link-http": {
      "version": "1.5.14",
      "resolved": "https://npm.apple.com/apollo-link-http/-/apollo-link-http-1.5.14.tgz",
      "integrity": "sha1-7WKSJI0YGczRZSPjRtNSA6GzEQk=",
      "dev": true,
      "requires": {
        "apollo-link": "^1.2.11",
        "apollo-link-http-common": "^0.2.13",
        "tslib": "^1.9.3"
      }
    },
    "apollo-link-http-common": {
      "version": "0.2.13",
      "resolved": "https://npm.apple.com/apollo-link-http-common/-/apollo-link-http-common-0.2.13.tgz",
      "integrity": "sha1-xoj2uq/9x7Jpstt66J2ufFi1s1A=",
      "dev": true,
      "requires": {
        "apollo-link": "^1.2.11",
        "ts-invariant": "^0.3.2",
        "tslib": "^1.9.3"
      },
      "dependencies": {
        "ts-invariant": {
          "version": "0.3.3",
          "resolved": "https://npm.apple.com/ts-invariant/-/ts-invariant-0.3.3.tgz",
          "integrity": "sha1-tXQrGIXs+eKcMadQMHSA8EXsCxY=",
          "dev": true,
          "requires": {
            "tslib": "^1.9.3"
          }
        }
      }
    },
    "apollo-utilities": {
      "version": "1.2.1",
      "resolved": "https://npm.apple.com/apollo-utilities/-/apollo-utilities-1.2.1.tgz",
      "integrity": "sha1-HDoev1YH18jv52NtqvWOdGO0Gzw=",
      "dev": true,
      "requires": {
        "fast-json-stable-stringify": "^2.0.0",
        "ts-invariant": "^0.2.1",
        "tslib": "^1.9.3"
      }
    },
    "fast-json-stable-stringify": {
      "version": "2.0.0",
      "resolved": "https://npm.apple.com/fast-json-stable-stringify/-/fast-json-stable-stringify-2.0.0.tgz",
      "integrity": "sha1-1RQsDK7msRifh9OnYREGT4bIu/I=",
      "dev": true
    },
    "graphql-tag": {
      "version": "2.10.1",
      "resolved": "https://npm.apple.com/graphql-tag/-/graphql-tag-2.10.1.tgz",
      "integrity": "sha1-EKpB8c2PrlNz6vEfH2cmCjytXgI=",
      "dev": true
    },
    "hoist-non-react-statics": {
      "version": "3.3.0",
      "resolved": "https://npm.apple.com/hoist-non-react-statics/-/hoist-non-react-statics-3.3.0.tgz",
      "integrity": "sha1-sJF48BIhhPuVrPUl2q7LTY9FlYs=",
      "dev": true,
      "requires": {
        "react-is": "^16.7.0"
      }
    },
    "immutable-tuple": {
      "version": "0.4.10",
      "resolved": "https://npm.apple.com/immutable-tuple/-/immutable-tuple-0.4.10.tgz",
      "integrity": "sha1-4LFiU4T1FAhKeoS3SaO7JukXmSk=",
      "dev": true
    },
    "isomorphic-unfetch": {
      "version": "3.0.0",
      "resolved": "https://npm.apple.com/isomorphic-unfetch/-/isomorphic-unfetch-3.0.0.tgz",
      "integrity": "sha1-3m2Aq95IexfeLEAKfvnl7MLvs2I=",
      "dev": true,
      "requires": {
        "node-fetch": "^2.2.0",
        "unfetch": "^4.0.0"
      }
    },
    "js-tokens": {
      "version": "4.0.0",
      "resolved": "https://npm.apple.com/js-tokens/-/js-tokens-4.0.0.tgz",
      "integrity": "sha1-GSA/tZmR35jjoocFDUZHzerzJJk=",
      "dev": true
    },
    "lodash.isequal": {
      "version": "4.5.0",
      "resolved": "https://npm.apple.com/lodash.isequal/-/lodash.isequal-4.5.0.tgz",
      "integrity": "sha1-QVxEePK8wwEgwizhDtMib30+GOA=",
      "dev": true
    },
    "loose-envify": {
      "version": "1.4.0",
      "resolved": "https://npm.apple.com/loose-envify/-/loose-envify-1.4.0.tgz",
      "integrity": "sha1-ce5R+nvkyuwaY4OffmgtgTLTDK8=",
      "dev": true,
      "requires": {
        "js-tokens": "^3.0.0 || ^4.0.0"
      }
    },
    "next-with-apollo": {
      "version": "3.4.0",
      "resolved": "https://npm.apple.com/next-with-apollo/-/next-with-apollo-3.4.0.tgz",
      "integrity": "sha1-JN2ahpOIBfFosupSHXRZANPlKs4=",
      "dev": true,
      "requires": {
        "isomorphic-unfetch": "^3.0.0"
      }
    },
    "node-fetch": {
      "version": "2.6.0",
      "resolved": "https://npm.apple.com/node-fetch/-/node-fetch-2.6.0.tgz",
      "integrity": "sha1-5jNFY4bUqlWGP2dqerDaqP3ssP0=",
      "dev": true
    },
    "object-assign": {
      "version": "4.1.1",
      "resolved": "https://npm.apple.com/object-assign/-/object-assign-4.1.1.tgz",
      "integrity": "sha1-IQmtx5ZYh8/AXLvUQsrIv7s2CGM=",
      "dev": true
    },
    "optimism": {
      "version": "0.6.9",
      "resolved": "https://npm.apple.com/optimism/-/optimism-0.6.9.tgz",
      "integrity": "sha1-GSWP+LO+DOoprDXwa/+BjgJuMLs=",
      "dev": true,
      "requires": {
        "immutable-tuple": "^0.4.9"
      }
    },
    "react-apollo": {
      "version": "2.5.5",
      "resolved": "https://npm.apple.com/react-apollo/-/react-apollo-2.5.5.tgz",
      "integrity": "sha1-DycHmo+p2c7qiymll360KIX4j7k=",
      "dev": true,
      "requires": {
        "apollo-utilities": "^1.2.1",
        "hoist-non-react-statics": "^3.3.0",
        "lodash.isequal": "^4.5.0",
        "prop-types": "^15.7.2",
        "ts-invariant": "^0.4.0",
        "tslib": "^1.9.3"
      },
      "dependencies": {
        "prop-types": {
          "version": "15.7.2",
          "resolved": "https://npm.apple.com/prop-types/-/prop-types-15.7.2.tgz",
          "integrity": "sha1-UsQedbjIfnK52TYOAga5ncv/psU=",
          "dev": true,
          "requires": {
            "loose-envify": "^1.4.0",
            "object-assign": "^4.1.1",
            "react-is": "^16.8.1"
          }
        },
        "ts-invariant": {
          "version": "0.4.2",
          "resolved": "https://npm.apple.com/ts-invariant/-/ts-invariant-0.4.2.tgz",
          "integrity": "sha1-hoUTG4CD5nxm1gJUDnh2NAi+kRM=",
          "dev": true,
          "requires": {
            "tslib": "^1.9.3"
          }
        }
      }
    },
    "react-is": {
      "version": "16.8.6",
      "resolved": "https://npm.apple.com/react-is/-/react-is-16.8.6.tgz",
      "integrity": "sha1-W7weLSkUHJ+9/tRWND/ivEMKahY=",
      "dev": true
    },
    "symbol-observable": {
      "version": "1.2.0",
      "resolved": "https://npm.apple.com/symbol-observable/-/symbol-observable-1.2.0.tgz",
      "integrity": "sha1-wiaIrtTqs83C3+rLtWFmBWCgCAQ=",
      "dev": true
    },
    "ts-invariant": {
      "version": "0.2.1",
      "resolved": "https://npm.apple.com/ts-invariant/-/ts-invariant-0.2.1.tgz",
      "integrity": "sha1-PVh/nW473tl7+ewXlR3ZgU1anT8=",
      "dev": true,
      "requires": {
        "tslib": "^1.9.3"
      }
    },
    "tslib": {
      "version": "1.9.3",
      "resolved": "https://npm.apple.com/tslib/-/tslib-1.9.3.tgz",
      "integrity": "sha1-1+TdeSRdhUKMTX5IIqeZF5VMooY=",
      "dev": true
    },
    "unfetch": {
      "version": "4.1.0",
      "resolved": "https://npm.apple.com/unfetch/-/unfetch-4.1.0.tgz",
      "integrity": "sha1-bsLdDeiH5YpN7oOgUN7YD/xBN9s=",
      "dev": true
    },
    "zen-observable": {
      "version": "0.8.14",
      "resolved": "https://npm.apple.com/zen-observable/-/zen-observable-0.8.14.tgz",
      "integrity": "sha1-0zBYNZ0zW8DbHwr2YVizKHKvO/c=",
      "dev": true
    },
    "zen-observable-ts": {
      "version": "0.8.18",
      "resolved": "https://npm.apple.com/zen-observable-ts/-/zen-observable-ts-0.8.18.tgz",
      "integrity": "sha1-reRLEGDMSoAGJ4VuwQucZ/X2Ocg=",
      "dev": true,
      "requires": {
        "tslib": "^1.9.3",
        "zen-observable": "^0.8.0"
      }
    }
  }
}
